{
  "name": "testing-library-recorder-extension",
  "lockfileVersion": 2,
  "requires": true,
  "packages": {
    "": {
      "devDependencies": {
        "prettier": "^2.7.1",
        "prettier-config-nick": "^1.0.3"
      }
    },
    "node_modules/prettier": {
      "version": "2.7.1",
      "resolved": "https://registry.npmjs.org/prettier/-/prettier-2.7.1.tgz",
      "integrity": "sha512-ujppO+MkdPqoVINuDFDRLClm7D78qbDt0/NR+wp5FqEZOoTNAjPHWj17QRhu7geIHJfcNhRk1XVQmF8Bp3ye+g==",
      "dev": true,
      "bin": {
        "prettier": "bin-prettier.js"
      },
      "engines": {
        "node": ">=10.13.0"
      },
      "funding": {
        "url": "https://github.com/prettier/prettier?sponsor=1"
      }
    },
    "node_modules/prettier-config-nick": {
      "version": "1.0.3",
      "resolved": "https://registry.npmjs.org/prettier-config-nick/-/prettier-config-nick-1.0.3.tgz",
      "integrity": "sha512-dPBi7WqH60NRbK3W69IHjQ9W4XMXMrXuFcqgbr+Pnw5Veuy+eagbc70LyqOqHHiBSigDk3gBR90gsUM+9plWJg==",
      "dev": true,
      "funding": {
        "url": "https://github.com/nickmccurdy/prettier-config?sponsor=1"
      },
      "peerDependencies": {
        "prettier": ">= 1.17.0"
      }
    }
  },
  "dependencies": {
    "prettier": {
      "version": "2.7.1",
      "resolved": "https://registry.npmjs.org/prettier/-/prettier-2.7.1.tgz",
      "integrity": "sha512-ujppO+MkdPqoVINuDFDRLClm7D78qbDt0/NR+wp5FqEZOoTNAjPHWj17QRhu7geIHJfcNhRk1XVQmF8Bp3ye+g==",
      "dev": true
    },
    "prettier-config-nick": {
      "version": "1.0.3",
      "resolved": "https://registry.npmjs.org/prettier-config-nick/-/prettier-config-nick-1.0.3.tgz",
      "integrity": "sha512-dPBi7WqH60NRbK3W69IHjQ9W4XMXMrXuFcqgbr+Pnw5Veuy+eagbc70LyqOqHHiBSigDk3gBR90gsUM+9plWJg==",
      "dev": true,
      "requires": {}
    }
  }
}
